
Microsoft Visual Studio Solution File, Format Version 12.00
# Visual Studio Version 16
VisualStudioVersion = 16.0.28902.138
MinimumVisualStudioVersion = 10.0.40219.1
Project("{FAE04EC0-301F-11D3-BF4B-00C04F79EFBC}") = "firstform_example", "firstform_example.csproj", "{C48A8963-E135-4299-BA3F-D863BEF09D4B}"
EndProject
Global
	GlobalSection(SolutionConfigurationPlatforms) = preSolution
		Debug|Any CPU = Debug|Any CPU
		Release|Any CPU = Release|Any CPU
	EndGlobalSection
	GlobalSection(ProjectConfigurationPlatforms) = postSolution
		{C48A8963-E135-4299-BA3F-D863BEF09D4B}.Debug|Any CPU.ActiveCfg = Debug|Any CPU
		{C48A8963-E135-4299-BA3F-D863BEF09D4B}.Debug|Any CPU.Build.0 = Debug|Any CPU
		{C48A8963-E135-4299-BA3F-D863BEF09D4B}.Release|Any CPU.ActiveCfg = Release|Any CPU
		{C48A8963-E135-4299-BA3F-D863BEF09D4B}.Release|Any CPU.Build.0 = Release|Any CPU
	EndGlobalSection
	GlobalSection(SolutionProperties) = preSolution
		HideSolutionNode = FALSE
	EndGlobalSection
	GlobalSection(ExtensibilityGlobals) = postSolution
		SolutionGuid = {BA246ACA-0701-40A1-AE40-73015857DF4F}
	EndGlobalSection
EndGlobal
